{
  "name": "tap-state-machine",
  "requires": true,
  "lockfileVersion": 1,
  "dependencies": {
    "funcadelic": {
      "version": "0.5.5",
      "resolved": "https://registry.npmjs.org/funcadelic/-/funcadelic-0.5.5.tgz",
      "integrity": "sha512-02cfySsU31WKBdZ4bYd50EOKWUIHW5E0TYWw53ZCEyiCdUfFvsUMDzPzRKhiM5WfXJijJ/FTT5QkioBCj+N0yw==",
      "requires": {
        "invariant": "2.2.4"
      }
    },
    "invariant": {
      "version": "2.2.4",
      "resolved": "https://registry.npmjs.org/invariant/-/invariant-2.2.4.tgz",
      "integrity": "sha512-phJfQVBuaJM5raOpJjSfkiD6BpbCE4Ns//LaXl6wGYtUBY83nWS6Rf9tXm2e8VaK60JEjYldbPif/A2B1C2gNA==",
      "requires": {
        "loose-envify": "^1.0.0"
      }
    },
    "js-tokens": {
      "version": "4.0.0",
      "resolved": "https://registry.npmjs.org/js-tokens/-/js-tokens-4.0.0.tgz",
      "integrity": "sha512-RdJUflcE3cUzKiMqQgsCu06FPu9UdIJO0beYbPhHN4k6apgJtifcoCtT9bcxOpYBtpD2kCM6Sbzg4CausW/PKQ=="
    },
    "loose-envify": {
      "version": "1.4.0",
      "resolved": "https://registry.npmjs.org/loose-envify/-/loose-envify-1.4.0.tgz",
      "integrity": "sha512-lyuxPGr/Wfhrlem2CL/UcnUc1zcqKAImBDzukY7Y5F/yQiNdko6+fRLevlw1HgMySw7f611UIY408EtxRSoK3Q==",
      "requires": {
        "js-tokens": "^3.0.0 || ^4.0.0"
      }
    },
    "microstates": {
      "version": "0.12.3",
      "resolved": "https://registry.npmjs.org/microstates/-/microstates-0.12.3.tgz",
      "integrity": "sha512-Rp69LbIrd1e+UjxqhUEt2MqTnTwfYavEwFnECVdJ2wNeEu/wZyLwvct9HJwsFRtvHB+80YCoqvTxdAYWobNwMQ==",
      "requires": {
        "funcadelic": "^0.5.0",
        "symbol-observable": "^1.2.0"
      }
    },
    "nanoassert": {
      "version": "1.1.0",
      "resolved": "https://registry.npmjs.org/nanoassert/-/nanoassert-1.1.0.tgz",
      "integrity": "sha1-TzFS4JVA/eKMdvRLGbvNHVpCR40="
    },
    "nanobus": {
      "version": "4.4.0",
      "resolved": "https://registry.npmjs.org/nanobus/-/nanobus-4.4.0.tgz",
      "integrity": "sha512-Hv9USGyH8EsPy0o8pPWE7x3YRIfuZDgMBirzjU6XLebhiSK2g53JlfqgolD0c39ne6wXAfaBNcIAvYe22Bav+Q==",
      "requires": {
        "nanoassert": "^1.1.0",
        "nanotiming": "^7.2.0",
        "remove-array-items": "^1.0.0"
      }
    },
    "nanoscheduler": {
      "version": "1.0.3",
      "resolved": "https://registry.npmjs.org/nanoscheduler/-/nanoscheduler-1.0.3.tgz",
      "integrity": "sha512-jBbrF3qdU9321r8n9X7yu18DjP31Do2ItJm3mWrt90wJTrnDO+HXpoV7ftaUglAtjgj9s+OaCxGufbvx6pvbEQ==",
      "requires": {
        "nanoassert": "^1.1.0"
      }
    },
    "nanostate": {
      "version": "1.2.1",
      "resolved": "https://registry.npmjs.org/nanostate/-/nanostate-1.2.1.tgz",
      "integrity": "sha512-AR+/Vd/ObE6X/DmsqcKKt5BaQqXFgCkmC4jGLMb+4h9ih7u1bgHAhF83fuTYad1u8hIAJF6Ml/uM190qxhEdBw==",
      "requires": {
        "nanoassert": "^1.1.0",
        "nanobus": "^4.3.1"
      }
    },
    "nanotiming": {
      "version": "7.3.1",
      "resolved": "https://registry.npmjs.org/nanotiming/-/nanotiming-7.3.1.tgz",
      "integrity": "sha512-l3lC7v/PfOuRWQa8vV29Jo6TG10wHtnthLElFXs4Te4Aas57Fo4n1Q8LH9n+NDh9riOzTVvb2QNBhTS4JUKNjw==",
      "requires": {
        "nanoassert": "^1.1.0",
        "nanoscheduler": "^1.0.2"
      }
    },
    "remove-array-items": {
      "version": "1.1.1",
      "resolved": "https://registry.npmjs.org/remove-array-items/-/remove-array-items-1.1.1.tgz",
      "integrity": "sha512-MXW/jtHyl5F1PZI7NbpS8SOtympdLuF20aoWJT5lELR1p/HJDd5nqW8Eu9uLh/hCRY3FgvrIT5AwDCgBODklcA=="
    },
    "symbol-observable": {
      "version": "1.2.0",
      "resolved": "https://registry.npmjs.org/symbol-observable/-/symbol-observable-1.2.0.tgz",
      "integrity": "sha512-e900nM8RRtGhlV36KGEU9k65K3mPb1WV70OdjfxlG2EAuM1noi/E/BaW/uMhL7bPEssK8QV57vN3esixjUvcXQ=="
    },
    "xstate": {
      "version": "4.2.1",
      "resolved": "https://registry.npmjs.org/xstate/-/xstate-4.2.1.tgz",
      "integrity": "sha512-dQEHU/78tUWQd43EMm+17xdM9xVqivSYvNh2++5CY0yST8FcBSl0cyfwrL6tF2MZBqpbuuNLWYc+Ib1bG/jlxQ=="
    }
  }
}
